
Microsoft Visual Studio Solution File, Format Version 12.00
# Visual Studio Version 16
VisualStudioVersion = 16.0.31424.327
MinimumVisualStudioVersion = 10.0.40219.1
Project("{9A19103F-16F7-4668-BE54-9A1E7A4F7556}") = "MoviesImageBoard", "MoviesImageBoard\MoviesImageBoard.csproj", "{18C23B34-B3D9-4CDB-8005-A91E751B809B}"
EndProject
Project("{9A19103F-16F7-4668-BE54-9A1E7A4F7556}") = "API", "API\API.csproj", "{9FCEB0F8-49CC-4F27-B53E-B3FCC40880ED}"
EndProject
Project("{E53339B2-1760-4266-BCC7-CA923CBCF16C}") = "docker-compose", "docker-compose.dcproj", "{3173EA55-AF4B-4186-94D9-F732B54023C5}"
EndProject
Global
	GlobalSection(SolutionConfigurationPlatforms) = preSolution
		Debug|Any CPU = Debug|Any CPU
		Release|Any CPU = Release|Any CPU
	EndGlobalSection
	GlobalSection(ProjectConfigurationPlatforms) = postSolution
		{18C23B34-B3D9-4CDB-8005-A91E751B809B}.Debug|Any CPU.ActiveCfg = Debug|Any CPU
		{18C23B34-B3D9-4CDB-8005-A91E751B809B}.Debug|Any CPU.Build.0 = Debug|Any CPU
		{18C23B34-B3D9-4CDB-8005-A91E751B809B}.Release|Any CPU.ActiveCfg = Release|Any CPU
		{18C23B34-B3D9-4CDB-8005-A91E751B809B}.Release|Any CPU.Build.0 = Release|Any CPU
		{9FCEB0F8-49CC-4F27-B53E-B3FCC40880ED}.Debug|Any CPU.ActiveCfg = Debug|Any CPU
		{9FCEB0F8-49CC-4F27-B53E-B3FCC40880ED}.Debug|Any CPU.Build.0 = Debug|Any CPU
		{9FCEB0F8-49CC-4F27-B53E-B3FCC40880ED}.Release|Any CPU.ActiveCfg = Release|Any CPU
		{9FCEB0F8-49CC-4F27-B53E-B3FCC40880ED}.Release|Any CPU.Build.0 = Release|Any CPU
		{3173EA55-AF4B-4186-94D9-F732B54023C5}.Debug|Any CPU.ActiveCfg = Debug|Any CPU
		{3173EA55-AF4B-4186-94D9-F732B54023C5}.Debug|Any CPU.Build.0 = Debug|Any CPU
		{3173EA55-AF4B-4186-94D9-F732B54023C5}.Release|Any CPU.ActiveCfg = Release|Any CPU
		{3173EA55-AF4B-4186-94D9-F732B54023C5}.Release|Any CPU.Build.0 = Release|Any CPU
	EndGlobalSection
	GlobalSection(SolutionProperties) = preSolution
		HideSolutionNode = FALSE
	EndGlobalSection
	GlobalSection(ExtensibilityGlobals) = postSolution
		SolutionGuid = {DFC11A3D-B522-43E9-B82E-3A46B7D742A9}
	EndGlobalSection
EndGlobal
